// !$*UTF8*$!
{
	archiveVersion = 1;
	classes = {
	};
	objectVersion = 56;
	objects = {

/* Begin PBXBuildFile section */
		B17722392BCF0F19009EC46D /* BrillioAppApp.swift in Sources */ = {isa = PBXBuildFile; fileRef = B17722382BCF0F19009EC46D /* BrillioAppApp.swift */; };
		B177223B2BCF0F19009EC46D /* ContentView.swift in Sources */ = {isa = PBXBuildFile; fileRef = B177223A2BCF0F19009EC46D /* ContentView.swift */; };
		B177223D2BCF0F1C009EC46D /* Assets.xcassets in Resources */ = {isa = PBXBuildFile; fileRef = B177223C2BCF0F1C009EC46D /* Assets.xcassets */; };
		B17722402BCF0F1C009EC46D /* Preview Assets.xcassets in Resources */ = {isa = PBXBuildFile; fileRef = B177223F2BCF0F1C009EC46D /* Preview Assets.xcassets */; };
		B17722482BCF16F0009EC46D /* APIClient.swift in Sources */ = {isa = PBXBuildFile; fileRef = B17722472BCF16F0009EC46D /* APIClient.swift */; };
		B177224C2BCF1756009EC46D /* Model.swift in Sources */ = {isa = PBXBuildFile; fileRef = B177224B2BCF1756009EC46D /* Model.swift */; };
		B17722502BCF18B0009EC46D /* QuoteView.swift in Sources */ = {isa = PBXBuildFile; fileRef = B177224F2BCF18B0009EC46D /* QuoteView.swift */; };
		B17722522BCF4351009EC46D /* QuotesViewModel.swift in Sources */ = {isa = PBXBuildFile; fileRef = B17722512BCF4351009EC46D /* QuotesViewModel.swift */; };
/* End PBXBuildFile section */

/* Begin PBXFileReference section */
		B17722352BCF0F19009EC46D /* BrillioApp.app */ = {isa = PBXFileReference; explicitFileType = wrapper.application; includeInIndex = 0; path = BrillioApp.app; sourceTree = BUILT_PRODUCTS_DIR; };
		B17722382BCF0F19009EC46D /* BrillioAppApp.swift */ = {isa = PBXFileReference; lastKnownFileType = sourcecode.swift; path = BrillioAppApp.swift; sourceTree = "<group>"; };
		B177223A2BCF0F19009EC46D /* ContentView.swift */ = {isa = PBXFileReference; lastKnownFileType = sourcecode.swift; path = ContentView.swift; sourceTree = "<group>"; };
		B177223C2BCF0F1C009EC46D /* Assets.xcassets */ = {isa = PBXFileReference; lastKnownFileType = folder.assetcatalog; path = Assets.xcassets; sourceTree = "<group>"; };
		B177223F2BCF0F1C009EC46D /* Preview Assets.xcassets */ = {isa = PBXFileReference; lastKnownFileType = folder.assetcatalog; path = "Preview Assets.xcassets"; sourceTree = "<group>"; };
		B17722472BCF16F0009EC46D /* APIClient.swift */ = {isa = PBXFileReference; lastKnownFileType = sourcecode.swift; path = APIClient.swift; sourceTree = "<group>"; };
		B177224B2BCF1756009EC46D /* Model.swift */ = {isa = PBXFileReference; lastKnownFileType = sourcecode.swift; path = Model.swift; sourceTree = "<group>"; };
		B177224F2BCF18B0009EC46D /* QuoteView.swift */ = {isa = PBXFileReference; lastKnownFileType = sourcecode.swift; path = QuoteView.swift; sourceTree = "<group>"; };
		B17722512BCF4351009EC46D /* QuotesViewModel.swift */ = {isa = PBXFileReference; lastKnownFileType = sourcecode.swift; path = QuotesViewModel.swift; sourceTree = "<group>"; };
/* End PBXFileReference section */

/* Begin PBXFrameworksBuildPhase section */
		B17722322BCF0F19009EC46D /* Frameworks */ = {
			isa = PBXFrameworksBuildPhase;
			buildActionMask = 2147483647;
			files = (
			);
			runOnlyForDeploymentPostprocessing = 0;
		};
/* End PBXFrameworksBuildPhase section */

/* Begin PBXGroup section */
		B177222C2BCF0F19009EC46D = {
			isa = PBXGroup;
			children = (
				B17722372BCF0F19009EC46D /* BrillioApp */,
				B17722362BCF0F19009EC46D /* Products */,
			);
			sourceTree = "<group>";
		};
		B17722362BCF0F19009EC46D /* Products */ = {
			isa = PBXGroup;
			children = (
				B17722352BCF0F19009EC46D /* BrillioApp.app */,
			);
			name = Products;
			sourceTree = "<group>";
		};
		B17722372BCF0F19009EC46D /* BrillioApp */ = {
			isa = PBXGroup;
			children = (
				B177224A2BCF1736009EC46D /* Model */,
				B17722492BCF16F7009EC46D /* Modules */,
				B17722462BCF16CD009EC46D /* NetWork */,
				B17722382BCF0F19009EC46D /* BrillioAppApp.swift */,
				B177223A2BCF0F19009EC46D /* ContentView.swift */,
				B177223C2BCF0F1C009EC46D /* Assets.xcassets */,
				B177223E2BCF0F1C009EC46D /* Preview Content */,
			);
			path = BrillioApp;
			sourceTree = "<group>";
		};
		B177223E2BCF0F1C009EC46D /* Preview Content */ = {
			isa = PBXGroup;
			children = (
				B177223F2BCF0F1C009EC46D /* Preview Assets.xcassets */,
			);
			path = "Preview Content";
			sourceTree = "<group>";
		};
		B17722462BCF16CD009EC46D /* NetWork */ = {
			isa = PBXGroup;
			children = (
				B17722472BCF16F0009EC46D /* APIClient.swift */,
			);
			path = NetWork;
			sourceTree = "<group>";
		};
		B17722492BCF16F7009EC46D /* Modules */ = {
			isa = PBXGroup;
			children = (
				B177224F2BCF18B0009EC46D /* QuoteView.swift */,
				B17722512BCF4351009EC46D /* QuotesViewModel.swift */,
			);
			path = Modules;
			sourceTree = "<group>";
		};
		B177224A2BCF1736009EC46D /* Model */ = {
			isa = PBXGroup;
			children = (
				B177224B2BCF1756009EC46D /* Model.swift */,
			);
			path = Model;
			sourceTree = "<group>";
		};
/* End PBXGroup section */

/* Begin PBXNativeTarget section */
		B17722342BCF0F19009EC46D /* BrillioApp */ = {
			isa = PBXNativeTarget;
			buildConfigurationList = B17722432BCF0F1C009EC46D /* Build configuration list for PBXNativeTarget "BrillioApp" */;
			buildPhases = (
				B17722312BCF0F19009EC46D /* Sources */,
				B17722322BCF0F19009EC46D /* Frameworks */,
				B17722332BCF0F19009EC46D /* Resources */,
			);
			buildRules = (
			);
			dependencies = (
			);
			name = BrillioApp;
			productName = BrillioApp;
			productReference = B17722352BCF0F19009EC46D /* BrillioApp.app */;
			productType = "com.apple.product-type.application";
		};
/* End PBXNativeTarget section */

/* Begin PBXProject section */
		B177222D2BCF0F19009EC46D /* Project object */ = {
			isa = PBXProject;
			attributes = {
				BuildIndependentTargetsInParallel = 1;
				LastSwiftUpdateCheck = 1530;
				LastUpgradeCheck = 1530;
				TargetAttributes = {
					B17722342BCF0F19009EC46D = {
						CreatedOnToolsVersion = 15.3;
					};
				};
			};
			buildConfigurationList = B17722302BCF0F19009EC46D /* Build configuration list for PBXProject "BrillioApp" */;
			compatibilityVersion = "Xcode 14.0";
			developmentRegion = en;
			hasScannedForEncodings = 0;
			knownRegions = (
				en,
				Base,
			);
			mainGroup = B177222C2BCF0F19009EC46D;
			productRefGroup = B17722362BCF0F19009EC46D /* Products */;
			projectDirPath = "";
			projectRoot = "";
			targets = (
				B17722342BCF0F19009EC46D /* BrillioApp */,
			);
		};
/* End PBXProject section */

/* Begin PBXResourcesBuildPhase section */
		B17722332BCF0F19009EC46D /* Resources */ = {
			isa = PBXResourcesBuildPhase;
			buildActionMask = 2147483647;
			files = (
				B17722402BCF0F1C009EC46D /* Preview Assets.xcassets in Resources */,
				B177223D2BCF0F1C009EC46D /* Assets.xcassets in Resources */,
			);
			runOnlyForDeploymentPostprocessing = 0;
		};
/* End PBXResourcesBuildPhase section */

/* Begin PBXSourcesBuildPhase section */
		B17722312BCF0F19009EC46D /* Sources */ = {
			isa = PBXSourcesBuildPhase;
			buildActionMask = 2147483647;
			files = (
				B177223B2BCF0F19009EC46D /* ContentView.swift in Sources */,
				B17722522BCF4351009EC46D /* QuotesViewModel.swift in Sources */,
				B17722502BCF18B0009EC46D /* QuoteView.swift in Sources */,
				B17722392BCF0F19009EC46D /* BrillioAppApp.swift in Sources */,
				B17722482BCF16F0009EC46D /* APIClient.swift in Sources */,
				B177224C2BCF1756009EC46D /* Model.swift in Sources */,
			);
			runOnlyForDeploymentPostprocessing = 0;
		};
/* End PBXSourcesBuildPhase section */

/* Begin XCBuildConfiguration section */
		B17722412BCF0F1C009EC46D /* Debug */ = {
			isa = XCBuildConfiguration;
			buildSettings = {
				ALWAYS_SEARCH_USER_PATHS = NO;
				ASSETCATALOG_COMPILER_GENERATE_SWIFT_ASSET_SYMBOL_EXTENSIONS = YES;
				CLANG_ANALYZER_NONNULL = YES;
				CLANG_ANALYZER_NUMBER_OBJECT_CONVERSION = YES_AGGRESSIVE;
				CLANG_CXX_LANGUAGE_STANDARD = "gnu++20";
				CLANG_ENABLE_MODULES = YES;
				CLANG_ENABLE_OBJC_ARC = YES;
				CLANG_ENABLE_OBJC_WEAK = YES;
				CLANG_WARN_BLOCK_CAPTURE_AUTORELEASING = YES;
				CLANG_WARN_BOOL_CONVERSION = YES;
				CLANG_WARN_COMMA = YES;
				CLANG_WARN_CONSTANT_CONVERSION = YES;
				CLANG_WARN_DEPRECATED_OBJC_IMPLEMENTATIONS = YES;
				CLANG_WARN_DIRECT_OBJC_ISA_USAGE = YES_ERROR;
				CLANG_WARN_DOCUMENTATION_COMMENTS = YES;
				CLANG_WARN_EMPTY_BODY = YES;
				CLANG_WARN_ENUM_CONVERSION = YES;
				CLANG_WARN_INFINITE_RECURSION = YES;
				CLANG_WARN_INT_CONVERSION = YES;
				CLANG_WARN_NON_LITERAL_NULL_CONVERSION = YES;
				CLANG_WARN_OBJC_IMPLICIT_RETAIN_SELF = YES;
				CLANG_WARN_OBJC_LITERAL_CONVERSION = YES;
				CLANG_WARN_OBJC_ROOT_CLASS = YES_ERROR;
				CLANG_WARN_QUOTED_INCLUDE_IN_FRAMEWORK_HEADER = YES;
				CLANG_WARN_RANGE_LOOP_ANALYSIS = YES;
				CLANG_WARN_STRICT_PROTOTYPES = YES;
				CLANG_WARN_SUSPICIOUS_MOVE = YES;
				CLANG_WARN_UNGUARDED_AVAILABILITY = YES_AGGRESSIVE;
				CLANG_WARN_UNREACHABLE_CODE = YES;
				CLANG_WARN__DUPLICATE_METHOD_MATCH = YES;
				COPY_PHASE_STRIP = NO;
				DEBUG_INFORMATION_FORMAT = dwarf;
				ENABLE_STRICT_OBJC_MSGSEND = YES;
				ENABLE_TESTABILITY = YES;
				ENABLE_USER_SCRIPT_SANDBOXING = YES;
				GCC_C_LANGUAGE_STANDARD = gnu17;
				GCC_DYNAMIC_NO_PIC = NO;
				GCC_NO_COMMON_BLOCKS = YES;
				GCC_OPTIMIZATION_LEVEL = 0;
				GCC_PREPROCESSOR_DEFINITIONS = (
					"DEBUG=1",
					"$(inherited)",
				);
				GCC_WARN_64_TO_32_BIT_CONVERSION = YES;
				GCC_WARN_ABOUT_RETURN_TYPE = YES_ERROR;
				GCC_WARN_UNDECLARED_SELECTOR = YES;
				GCC_WARN_UNINITIALIZED_AUTOS = YES_AGGRESSIVE;
				GCC_WARN_UNUSED_FUNCTION = YES;
				GCC_WARN_UNUSED_VARIABLE = YES;
				IPHONEOS_DEPLOYMENT_TARGET = 17.4;
				LOCALIZATION_PREFERS_STRING_CATALOGS = YES;
				MTL_ENABLE_DEBUG_INFO = INCLUDE_SOURCE;
				MTL_FAST_MATH = YES;
				ONLY_ACTIVE_ARCH = YES;
				SDKROOT = iphoneos;
				SWIFT_ACTIVE_COMPILATION_CONDITIONS = "DEBUG $(inherited)";
				SWIFT_OPTIMIZATION_LEVEL = "-Onone";
			};
			name = Debug;
		};
		B17722422BCF0F1C009EC46D /* Release */ = {
			isa = XCBuildConfiguration;
			buildSettings = {
				ALWAYS_SEARCH_USER_PATHS = NO;
				ASSETCATALOG_COMPILER_GENERATE_SWIFT_ASSET_SYMBOL_EXTENSIONS = YES;
				CLANG_ANALYZER_NONNULL = YES;
				CLANG_ANALYZER_NUMBER_OBJECT_CONVERSION = YES_AGGRESSIVE;
				CLANG_CXX_LANGUAGE_STANDARD = "gnu++20";
				CLANG_ENABLE_MODULES = YES;
				CLANG_ENABLE_OBJC_ARC = YES;
				CLANG_ENABLE_OBJC_WEAK = YES;
				CLANG_WARN_BLOCK_CAPTURE_AUTORELEASING = YES;
				CLANG_WARN_BOOL_CONVERSION = YES;
				CLANG_WARN_COMMA = YES;
				CLANG_WARN_CONSTANT_CONVERSION = YES;
				CLANG_WARN_DEPRECATED_OBJC_IMPLEMENTATIONS = YES;
				CLANG_WARN_DIRECT_OBJC_ISA_USAGE = YES_ERROR;
				CLANG_WARN_DOCUMENTATION_COMMENTS = YES;
				CLANG_WARN_EMPTY_BODY = YES;
				CLANG_WARN_ENUM_CONVERSION = YES;
				CLANG_WARN_INFINITE_RECURSION = YES;
				CLANG_WARN_INT_CONVERSION = YES;
				CLANG_WARN_NON_LITERAL_NULL_CONVERSION = YES;
				CLANG_WARN_OBJC_IMPLICIT_RETAIN_SELF = YES;
				CLANG_WARN_OBJC_LITERAL_CONVERSION = YES;
				CLANG_WARN_OBJC_ROOT_CLASS = YES_ERROR;
				CLANG_WARN_QUOTED_INCLUDE_IN_FRAMEWORK_HEADER = YES;
				CLANG_WARN_RANGE_LOOP_ANALYSIS = YES;
				CLANG_WARN_STRICT_PROTOTYPES = YES;
				CLANG_WARN_SUSPICIOUS_MOVE = YES;
				CLANG_WARN_UNGUARDED_AVAILABILITY = YES_AGGRESSIVE;
				CLANG_WARN_UNREACHABLE_CODE = YES;
				CLANG_WARN__DUPLICATE_METHOD_MATCH = YES;
				COPY_PHASE_STRIP = NO;
				DEBUG_INFORMATION_FORMAT = "dwarf-with-dsym";
				ENABLE_NS_ASSERTIONS = NO;
				ENABLE_STRICT_OBJC_MSGSEND = YES;
				ENABLE_USER_SCRIPT_SANDBOXING = YES;
				GCC_C_LANGUAGE_STANDARD = gnu17;
				GCC_NO_COMMON_BLOCKS = YES;
				GCC_WARN_64_TO_32_BIT_CONVERSION = YES;
				GCC_WARN_ABOUT_RETURN_TYPE = YES_ERROR;
				GCC_WARN_UNDECLARED_SELECTOR = YES;
				GCC_WARN_UNINITIALIZED_AUTOS = YES_AGGRESSIVE;
				GCC_WARN_UNUSED_FUNCTION = YES;
				GCC_WARN_UNUSED_VARIABLE = YES;
				IPHONEOS_DEPLOYMENT_TARGET = 17.4;
				LOCALIZATION_PREFERS_STRING_CATALOGS = YES;
				MTL_ENABLE_DEBUG_INFO = NO;
				MTL_FAST_MATH = YES;
				SDKROOT = iphoneos;
				SWIFT_COMPILATION_MODE = wholemodule;
				VALIDATE_PRODUCT = YES;
			};
			name = Release;
		};
		B17722442BCF0F1C009EC46D /* Debug */ = {
			isa = XCBuildConfiguration;
			buildSettings = {
				ASSETCATALOG_COMPILER_APPICON_NAME = AppIcon;
				ASSETCATALOG_COMPILER_GLOBAL_ACCENT_COLOR_NAME = AccentColor;
				CODE_SIGN_STYLE = Automatic;
				CURRENT_PROJECT_VERSION = 1;
				DEVELOPMENT_ASSET_PATHS = "\"BrillioApp/Preview Content\"";
				DEVELOPMENT_TEAM = Y58F24X2VN;
				ENABLE_PREVIEWS = YES;
				GENERATE_INFOPLIST_FILE = YES;
				INFOPLIST_KEY_UIApplicationSceneManifest_Generation = YES;
				INFOPLIST_KEY_UIApplicationSupportsIndirectInputEvents = YES;
				INFOPLIST_KEY_UILaunchScreen_Generation = YES;
				INFOPLIST_KEY_UISupportedInterfaceOrientations_iPad = "UIInterfaceOrientationPortrait UIInterfaceOrientationPortraitUpsideDown UIInterfaceOrientationLandscapeLeft UIInterfaceOrientationLandscapeRight";
				INFOPLIST_KEY_UISupportedInterfaceOrientations_iPhone = "UIInterfaceOrientationPortrait UIInterfaceOrientationLandscapeLeft UIInterfaceOrientationLandscapeRight";
				LD_RUNPATH_SEARCH_PATHS = (
					"$(inherited)",
					"@executable_path/Frameworks",
				);
				MARKETING_VERSION = 1.0;
				PRODUCT_BUNDLE_IDENTIFIER = Dann.BrillioApp;
				PRODUCT_NAME = "$(TARGET_NAME)";
				SWIFT_EMIT_LOC_STRINGS = YES;
				SWIFT_VERSION = 5.0;
				TARGETED_DEVICE_FAMILY = "1,2";
			};
			name = Debug;
		};
		B17722452BCF0F1C009EC46D /* Release */ = {
			isa = XCBuildConfiguration;
			buildSettings = {
				ASSETCATALOG_COMPILER_APPICON_NAME = AppIcon;
				ASSETCATALOG_COMPILER_GLOBAL_ACCENT_COLOR_NAME = AccentColor;
				CODE_SIGN_STYLE = Automatic;
				CURRENT_PROJECT_VERSION = 1;
				DEVELOPMENT_ASSET_PATHS = "\"BrillioApp/Preview Content\"";
				DEVELOPMENT_TEAM = Y58F24X2VN;
				ENABLE_PREVIEWS = YES;
				GENERATE_INFOPLIST_FILE = YES;
				INFOPLIST_KEY_UIApplicationSceneManifest_Generation = YES;
				INFOPLIST_KEY_UIApplicationSupportsIndirectInputEvents = YES;
				INFOPLIST_KEY_UILaunchScreen_Generation = YES;
				INFOPLIST_KEY_UISupportedInterfaceOrientations_iPad = "UIInterfaceOrientationPortrait UIInterfaceOrientationPortraitUpsideDown UIInterfaceOrientationLandscapeLeft UIInterfaceOrientationLandscapeRight";
				INFOPLIST_KEY_UISupportedInterfaceOrientations_iPhone = "UIInterfaceOrientationPortrait UIInterfaceOrientationLandscapeLeft UIInterfaceOrientationLandscapeRight";
				LD_RUNPATH_SEARCH_PATHS = (
					"$(inherited)",
					"@executable_path/Frameworks",
				);
				MARKETING_VERSION = 1.0;
				PRODUCT_BUNDLE_IDENTIFIER = Dann.BrillioApp;
				PRODUCT_NAME = "$(TARGET_NAME)";
				SWIFT_EMIT_LOC_STRINGS = YES;
				SWIFT_VERSION = 5.0;
				TARGETED_DEVICE_FAMILY = "1,2";
			};
			name = Release;
		};
/* End XCBuildConfiguration section */

/* Begin XCConfigurationList section */
		B17722302BCF0F19009EC46D /* Build configuration list for PBXProject "BrillioApp" */ = {
			isa = XCConfigurationList;
			buildConfigurations = (
				B17722412BCF0F1C009EC46D /* Debug */,
				B17722422BCF0F1C009EC46D /* Release */,
			);
			defaultConfigurationIsVisible = 0;
			defaultConfigurationName = Release;
		};
		B17722432BCF0F1C009EC46D /* Build configuration list for PBXNativeTarget "BrillioApp" */ = {
			isa = XCConfigurationList;
			buildConfigurations = (
				B17722442BCF0F1C009EC46D /* Debug */,
				B17722452BCF0F1C009EC46D /* Release */,
			);
			defaultConfigurationIsVisible = 0;
			defaultConfigurationName = Release;
		};
/* End XCConfigurationList section */
	};
	rootObject = B177222D2BCF0F19009EC46D /* Project object */;
}
